
Microsoft Visual Studio Solution File, Format Version 12.00
# Visual Studio Version 17
VisualStudioVersion = 17.8.34309.116
MinimumVisualStudioVersion = 10.0.40219.1
Project("{FAE04EC0-301F-11D3-BF4B-00C04F79EFBC}") = "StudentMark2.Api", "StudentMark2.Api\StudentMark2.Api.csproj", "{E2F2C7CB-6362-4D3B-BD94-F4C630D7BEC4}"
EndProject
Project("{FAE04EC0-301F-11D3-BF4B-00C04F79EFBC}") = "StudentMark2.Core", "StudentMark2.Core\StudentMark2.Core.csproj", "{C15820D7-D949-4F0B-B6E7-03A17F6BEE70}"
EndProject
Project("{FAE04EC0-301F-11D3-BF4B-00C04F79EFBC}") = "StudentMark2.Data", "StudentMark2.Data\StudentMark2.Data.csproj", "{E6BA27E8-35DA-44F7-A47F-CA9D8412B1ED}"
EndProject
Project("{FAE04EC0-301F-11D3-BF4B-00C04F79EFBC}") = "StudentMark2.Servies", "StudentMark2.Servies\StudentMark2.Servies.csproj", "{80828F6C-9F48-4FC2-B243-39142A8F9D16}"
EndProject
Global
	GlobalSection(SolutionConfigurationPlatforms) = preSolution
		Debug|Any CPU = Debug|Any CPU
		Release|Any CPU = Release|Any CPU
	EndGlobalSection
	GlobalSection(ProjectConfigurationPlatforms) = postSolution
		{E2F2C7CB-6362-4D3B-BD94-F4C630D7BEC4}.Debug|Any CPU.ActiveCfg = Debug|Any CPU
		{E2F2C7CB-6362-4D3B-BD94-F4C630D7BEC4}.Debug|Any CPU.Build.0 = Debug|Any CPU
		{E2F2C7CB-6362-4D3B-BD94-F4C630D7BEC4}.Release|Any CPU.ActiveCfg = Release|Any CPU
		{E2F2C7CB-6362-4D3B-BD94-F4C630D7BEC4}.Release|Any CPU.Build.0 = Release|Any CPU
		{C15820D7-D949-4F0B-B6E7-03A17F6BEE70}.Debug|Any CPU.ActiveCfg = Debug|Any CPU
		{C15820D7-D949-4F0B-B6E7-03A17F6BEE70}.Debug|Any CPU.Build.0 = Debug|Any CPU
		{C15820D7-D949-4F0B-B6E7-03A17F6BEE70}.Release|Any CPU.ActiveCfg = Release|Any CPU
		{C15820D7-D949-4F0B-B6E7-03A17F6BEE70}.Release|Any CPU.Build.0 = Release|Any CPU
		{E6BA27E8-35DA-44F7-A47F-CA9D8412B1ED}.Debug|Any CPU.ActiveCfg = Debug|Any CPU
		{E6BA27E8-35DA-44F7-A47F-CA9D8412B1ED}.Debug|Any CPU.Build.0 = Debug|Any CPU
		{E6BA27E8-35DA-44F7-A47F-CA9D8412B1ED}.Release|Any CPU.ActiveCfg = Release|Any CPU
		{E6BA27E8-35DA-44F7-A47F-CA9D8412B1ED}.Release|Any CPU.Build.0 = Release|Any CPU
		{80828F6C-9F48-4FC2-B243-39142A8F9D16}.Debug|Any CPU.ActiveCfg = Debug|Any CPU
		{80828F6C-9F48-4FC2-B243-39142A8F9D16}.Debug|Any CPU.Build.0 = Debug|Any CPU
		{80828F6C-9F48-4FC2-B243-39142A8F9D16}.Release|Any CPU.ActiveCfg = Release|Any CPU
		{80828F6C-9F48-4FC2-B243-39142A8F9D16}.Release|Any CPU.Build.0 = Release|Any CPU
	EndGlobalSection
	GlobalSection(SolutionProperties) = preSolution
		HideSolutionNode = FALSE
	EndGlobalSection
	GlobalSection(ExtensibilityGlobals) = postSolution
		SolutionGuid = {BF73C080-E303-42A9-9B39-1C8BB359E5E1}
	EndGlobalSection
EndGlobal
